
Microsoft Visual Studio Solution File, Format Version 12.00
# Visual Studio Version 17
VisualStudioVersion = 17.5.33414.496
MinimumVisualStudioVersion = 10.0.40219.1
Project("{FAE04EC0-301F-11D3-BF4B-00C04F79EFBC}") = "AcademiaAtos_ConteudoAula07", "AcademiaAtos_ConteudoAula07.csproj", "{4C7FFFC6-0245-46B6-A759-D730ABE75DC3}"
EndProject
Global
	GlobalSection(SolutionConfigurationPlatforms) = preSolution
		Debug|Any CPU = Debug|Any CPU
		Release|Any CPU = Release|Any CPU
	EndGlobalSection
	GlobalSection(ProjectConfigurationPlatforms) = postSolution
		{4C7FFFC6-0245-46B6-A759-D730ABE75DC3}.Debug|Any CPU.ActiveCfg = Debug|Any CPU
		{4C7FFFC6-0245-46B6-A759-D730ABE75DC3}.Debug|Any CPU.Build.0 = Debug|Any CPU
		{4C7FFFC6-0245-46B6-A759-D730ABE75DC3}.Release|Any CPU.ActiveCfg = Release|Any CPU
		{4C7FFFC6-0245-46B6-A759-D730ABE75DC3}.Release|Any CPU.Build.0 = Release|Any CPU
	EndGlobalSection
	GlobalSection(SolutionProperties) = preSolution
		HideSolutionNode = FALSE
	EndGlobalSection
	GlobalSection(ExtensibilityGlobals) = postSolution
		SolutionGuid = {6F048C0B-110C-43C6-8109-BDE1BDC5BAA8}
	EndGlobalSection
EndGlobal
